<?xml version="1.0" encoding="utf-8"?>
<Project ToolsVersion="4.0" xmlns="http://schemas.microsoft.com/developer/msbuild/2003">
  <ItemGroup>
    <Filter Include="Source Files">
      <UniqueIdentifier>{4FC737F1-C7A5-4376-A066-2A32D752A2FF}</UniqueIdentifier>
      <Extensions>cpp;c;cc;cxx;def;odl;idl;hpj;bat;asm;asmx</Extensions>
    </Filter>
    <Filter Include="Header Files">
      <UniqueIdentifier>{93995380-89BD-4b04-88EB-625FBE52EBFB}</UniqueIdentifier>
      <Extensions>h;hh;hpp;hxx;hm;inl;inc;xsd</Extensions>
    </Filter>
    <Filter Include="Resource Files">
      <UniqueIdentifier>{67DA6AB6-F800-4c08-8B7A-83BB121AAD01}</UniqueIdentifier>
      <Extensions>rc;ico;cur;bmp;dlg;rc2;rct;bin;rgs;gif;jpg;jpeg;jpe;resx;tiff;tif;png;wav;mfcribbon-ms</Extensions>
    </Filter>
    <Filter Include="Header Files\RealisticExtension">
      <UniqueIdentifier>{415572ec-7caa-444d-82c7-1b14f8802ad0}</UniqueIdentifier>
    </Filter>
    <Filter Include="Source Files\RealisticExtension">
      <UniqueIdentifier>{7c89f70d-943a-48cf-bd88-cb076f9a52be}</UniqueIdentifier>
    </Filter>
  </ItemGroup>
  <ItemGroup>
    <ClCompile Include="main.cpp">
      <Filter>Source Files</Filter>
    </ClCompile>
    <ClCompile Include="backgroundLayer.cpp">
      <Filter>Source Files</Filter>
    </ClCompile>
    <ClCompile Include="borderLayer.cpp">
      <Filter>Source Files</Filter>
    </ClCompile>
    <ClCompile Include="vascularityLayer.cpp">
      <Filter>Source Files</Filter>
    </ClCompile>
    <ClCompile Include="opticDiscLayer.cpp">
      <Filter>Source Files</Filter>
    </ClCompile>
    <ClCompile Include="renderWindow.cpp">
      <Filter>Source Files</Filter>
    </ClCompile>
    <ClCompile Include="layer.cpp">
      <Filter>Source Files</Filter>
    </ClCompile>
    <ClCompile Include="vessel.cpp">
      <Filter>Source Files</Filter>
    </ClCompile>
    <ClCompile Include="perlin.cpp">
      <Filter>Source Files</Filter>
    </ClCompile>
    <ClCompile Include="adapter.cpp">
      <Filter>Source Files\RealisticExtension</Filter>
    </ClCompile>
    <ClCompile Include="bifurcationPointLight.cpp">
      <Filter>Source Files\RealisticExtension</Filter>
    </ClCompile>
    <ClCompile Include="functionControler.cpp">
      <Filter>Source Files\RealisticExtension</Filter>
    </ClCompile>
    <ClCompile Include="mathSet.cpp">
      <Filter>Source Files\RealisticExtension</Filter>
    </ClCompile>
    <ClCompile Include="randomGenerator.cpp">
      <Filter>Source Files\RealisticExtension</Filter>
    </ClCompile>
    <ClCompile Include="vascularPoints.cpp">
      <Filter>Source Files\RealisticExtension</Filter>
    </ClCompile>
    <ClCompile Include="vascular.cpp">
      <Filter>Source Files\RealisticExtension</Filter>
    </ClCompile>
    <ClCompile Include="vector.cpp">
      <Filter>Source Files\RealisticExtension</Filter>
    </ClCompile>
    <ClCompile Include="branchTList.cpp">
      <Filter>Source Files\RealisticExtension</Filter>
    </ClCompile>
    <ClCompile Include="bifurcationLogic.cpp">
      <Filter>Source Files\RealisticExtension</Filter>
    </ClCompile>
    <ClCompile Include="branchTSteps.cpp">
      <Filter>Source Files\RealisticExtension</Filter>
    </ClCompile>
    <ClCompile Include="createVessel.cpp">
      <Filter>Source Files\RealisticExtension</Filter>
    </ClCompile>
    <ClCompile Include="deleteCrossingVascular.cpp">
      <Filter>Source Files\RealisticExtension</Filter>
    </ClCompile>
    <ClCompile Include="parameterCorectioner.cpp">
      <Filter>Source Files\RealisticExtension</Filter>
    </ClCompile>
  </ItemGroup>
  <ItemGroup>
    <ClInclude Include="layer.h">
      <Filter>Header Files</Filter>
    </ClInclude>
    <ClInclude Include="backgroundLayer.h">
      <Filter>Header Files</Filter>
    </ClInclude>
    <ClInclude Include="borderLayer.h">
      <Filter>Header Files</Filter>
    </ClInclude>
    <ClInclude Include="vascularityLayer.h">
      <Filter>Header Files</Filter>
    </ClInclude>
    <ClInclude Include="opticDiscLayer.h">
      <Filter>Header Files</Filter>
    </ClInclude>
    <ClInclude Include="renderWindow.h">
      <Filter>Header Files</Filter>
    </ClInclude>
    <ClInclude Include="vessel.h">
      <Filter>Header Files</Filter>
    </ClInclude>
    <ClInclude Include="main.h">
      <Filter>Header Files</Filter>
    </ClInclude>
    <ClInclude Include="perlin.h">
      <Filter>Header Files</Filter>
    </ClInclude>
    <ClInclude Include="adapter.h">
      <Filter>Header Files\RealisticExtension</Filter>
    </ClInclude>
    <ClInclude Include="bifurcationPointLight.h">
      <Filter>Header Files\RealisticExtension</Filter>
    </ClInclude>
    <ClInclude Include="functionControler.h">
      <Filter>Header Files\RealisticExtension</Filter>
    </ClInclude>
    <ClInclude Include="mathSet.h">
      <Filter>Header Files\RealisticExtension</Filter>
    </ClInclude>
    <ClInclude Include="randomGenerator.h">
      <Filter>Header Files\RealisticExtension</Filter>
    </ClInclude>
    <ClInclude Include="vascularPoints.h">
      <Filter>Header Files\RealisticExtension</Filter>
    </ClInclude>
    <ClInclude Include="vascular.h">
      <Filter>Header Files\RealisticExtension</Filter>
    </ClInclude>
    <ClInclude Include="realisticExtensionConstant.h">
      <Filter>Header Files\RealisticExtension</Filter>
    </ClInclude>
    <ClInclude Include="vector.h">
      <Filter>Header Files\RealisticExtension</Filter>
    </ClInclude>
    <ClInclude Include="branchTList.h">
      <Filter>Header Files\RealisticExtension</Filter>
    </ClInclude>
    <ClInclude Include="bifurcationLogic.h">
      <Filter>Header Files\RealisticExtension</Filter>
    </ClInclude>
    <ClInclude Include="resource.h">
      <Filter>Header Files</Filter>
    </ClInclude>
    <ClInclude Include="branchTSteps.h">
      <Filter>Header Files\RealisticExtension</Filter>
    </ClInclude>
    <ClInclude Include="createVessel.h">
      <Filter>Header Files\RealisticExtension</Filter>
    </ClInclude>
    <ClInclude Include="deleteCrossingVascular.h">
      <Filter>Header Files\RealisticExtension</Filter>
    </ClInclude>
    <ClInclude Include="enableExtension.h">
      <Filter>Header Files\RealisticExtension</Filter>
    </ClInclude>
    <ClInclude Include="parameterCorectioner.h">
      <Filter>Header Files\RealisticExtension</Filter>
    </ClInclude>
  </ItemGroup>
  <ItemGroup>
    <ResourceCompile Include="RetinaImageGenerator.rc">
      <Filter>Resource Files</Filter>
    </ResourceCompile>
  </ItemGroup>
</Project>